
Microsoft Visual Studio Solution File, Format Version 12.00
# Visual Studio Version 17
VisualStudioVersion = 17.2.32519.379
MinimumVisualStudioVersion = 10.0.40219.1
Project("{FAE04EC0-301F-11D3-BF4B-00C04F79EFBC}") = "LeftRight", "LeftRight.csproj", "{187D2EF3-07E8-4FAF-A14A-9FD73483C0E4}"
EndProject
Global
	GlobalSection(SolutionConfigurationPlatforms) = preSolution
		Debug|Any CPU = Debug|Any CPU
		Release|Any CPU = Release|Any CPU
	EndGlobalSection
	GlobalSection(ProjectConfigurationPlatforms) = postSolution
		{187D2EF3-07E8-4FAF-A14A-9FD73483C0E4}.Debug|Any CPU.ActiveCfg = Debug|Any CPU
		{187D2EF3-07E8-4FAF-A14A-9FD73483C0E4}.Debug|Any CPU.Build.0 = Debug|Any CPU
		{187D2EF3-07E8-4FAF-A14A-9FD73483C0E4}.Release|Any CPU.ActiveCfg = Release|Any CPU
		{187D2EF3-07E8-4FAF-A14A-9FD73483C0E4}.Release|Any CPU.Build.0 = Release|Any CPU
	EndGlobalSection
	GlobalSection(SolutionProperties) = preSolution
		HideSolutionNode = FALSE
	EndGlobalSection
	GlobalSection(ExtensibilityGlobals) = postSolution
		SolutionGuid = {D548B344-8CFB-4B08-A44A-34B8723CCF58}
	EndGlobalSection
EndGlobal
